{
  "name": "opencomputer-tti-bench",
  "lockfileVersion": 3,
  "requires": true,
  "packages": {
    "": {
      "name": "opencomputer-tti-bench",
      "dependencies": {
        "@computesdk/opencomputer": "^1.0.1",
        "computesdk": "^4.1.4"
      }
    },
    "node_modules/@computesdk/cmd": {
      "version": "0.4.1",
      "resolved": "https://registry.npmjs.org/@computesdk/cmd/-/cmd-0.4.1.tgz",
      "integrity": "sha512-hhcYrwMnOpRSwWma3gkUeAVsDFG56nURwSaQx8vCepv0IuUv39bK4mMkgszolnUQrVjBDdW7b3lV+l5B2S8fRA==",
      "license": "MIT"
    },
    "node_modules/@computesdk/opencomputer": {
      "version": "1.0.1",
      "resolved": "https://registry.npmjs.org/@computesdk/opencomputer/-/opencomputer-1.0.1.tgz",
      "integrity": "sha512-430gMhj2kFbxZZvcCINJFgTBroG60VIOa67CQuGK5vbTwK3babHdOLiND5JK6P60m5QNwWw1jnPaq4PQLWHfnA==",
      "license": "MIT",
      "dependencies": {
        "@computesdk/provider": "2.1.4",
        "@opencomputer/sdk": "^0.12.4",
        "computesdk": "4.1.4"
      }
    },
    "node_modules/@computesdk/provider": {
      "version": "2.1.4",
      "resolved": "https://registry.npmjs.org/@computesdk/provider/-/provider-2.1.4.tgz",
      "integrity": "sha512-abTZS8kpif4QpLZ7Jzo6hmlje2b3YB4VRC8hVkrb/tKXwt0QcU7Nao7tM1phRru0HxVrfHycb/vZtdJSlNFGeA==",
      "license": "MIT",
      "dependencies": {
        "@computesdk/cmd": "0.4.1",
        "computesdk": "4.1.4",
        "daemond": "0.1.4"
      }
    },
    "node_modules/@opencomputer/sdk": {
      "version": "0.12.4",
      "resolved": "https://registry.npmjs.org/@opencomputer/sdk/-/sdk-0.12.4.tgz",
      "integrity": "sha512-/BpMJMHxskkSI2GUri27xej9eXMrjlvu85NxIz/luiEKJ6lJKFF3w6uTY0IweZlB50SqIt7/dsC5ksZFXkyPzA==",
      "license": "MIT",
      "engines": {
        "node": ">=18"
      }
    },
    "node_modules/computesdk": {
      "version": "4.1.4",
      "resolved": "https://registry.npmjs.org/computesdk/-/computesdk-4.1.4.tgz",
      "integrity": "sha512-PRBMwJ2yRTMvVc+8mC8wM2EKI96kco1Dk9/kSAOsABlv7YP+h9v5qbqVIQQ6xKr46KL81MLpIOKf0dVZbIEafg==",
      "license": "MIT",
      "dependencies": {
        "@computesdk/cmd": "0.4.1",
        "daemond": "0.1.4"
      }
    },
    "node_modules/daemond": {
      "version": "0.1.4",
      "resolved": "https://registry.npmjs.org/daemond/-/daemond-0.1.4.tgz",
      "integrity": "sha512-xiLScBiwYGGPmxfcAb24aH+FkmR/ZSd+PxOvigGpKda6OsDjE2Gj6/4oAX2N3hMWoL4atti1hYyF9dLV3FFM0A==",
      "license": "MIT",
      "os": [
        "linux",
        "darwin"
      ],
      "engines": {
        "node": ">=18.0.0"
      }
    }
  }
}
